
Microsoft Visual Studio Solution File, Format Version 10.00
# Visual C++ Express 2008
Project("{8BC9CEB8-8B4A-11D0-8D11-00A0C91BC942}") = "dctprec", "dctprec\dctprec.vcproj", "{11FD4F04-C059-433E-9E00-9D786A18B30D}"
EndProject
Project("{8BC9CEB8-8B4A-11D0-8D11-00A0C91BC942}") = "rgbprec", "rgbprec\rgbprec.vcproj", "{A8F2A3CF-E423-45F5-B121-E0A9B5ABA39A}"
EndProject
Global
	GlobalSection(SolutionConfigurationPlatforms) = preSolution
		Debug|Win32 = Debug|Win32
		Release|Win32 = Release|Win32
	EndGlobalSection
	GlobalSection(ProjectConfigurationPlatforms) = postSolution
		{11FD4F04-C059-433E-9E00-9D786A18B30D}.Debug|Win32.ActiveCfg = Debug|Win32
		{11FD4F04-C059-433E-9E00-9D786A18B30D}.Debug|Win32.Build.0 = Debug|Win32
		{11FD4F04-C059-433E-9E00-9D786A18B30D}.Release|Win32.ActiveCfg = Release|Win32
		{11FD4F04-C059-433E-9E00-9D786A18B30D}.Release|Win32.Build.0 = Release|Win32
		{A8F2A3CF-E423-45F5-B121-E0A9B5ABA39A}.Debug|Win32.ActiveCfg = Debug|Win32
		{A8F2A3CF-E423-45F5-B121-E0A9B5ABA39A}.Debug|Win32.Build.0 = Debug|Win32
		{A8F2A3CF-E423-45F5-B121-E0A9B5ABA39A}.Release|Win32.ActiveCfg = Release|Win32
		{A8F2A3CF-E423-45F5-B121-E0A9B5ABA39A}.Release|Win32.Build.0 = Release|Win32
	EndGlobalSection
	GlobalSection(SolutionProperties) = preSolution
		HideSolutionNode = FALSE
	EndGlobalSection
EndGlobal
